// !$*UTF8*$!
{
	archiveVersion = 1;
	classes = {
	};
	objectVersion = 50;
	objects = {

/* Begin PBXBuildFile section */
		0D2D7D9A22876D2200E5E29C /* AppDelegate.swift in Sources */ = {isa = PBXBuildFile; fileRef = 0D2D7D9922876D2200E5E29C /* AppDelegate.swift */; };
		0D2D7D9C22876D2200E5E29C /* ScheduleTableViewController.swift in Sources */ = {isa = PBXBuildFile; fileRef = 0D2D7D9B22876D2200E5E29C /* ScheduleTableViewController.swift */; };
		0D2D7DA122876D2300E5E29C /* Assets.xcassets in Resources */ = {isa = PBXBuildFile; fileRef = 0D2D7DA022876D2300E5E29C /* Assets.xcassets */; };
		0D2D7DA422876D2300E5E29C /* LaunchScreen.storyboard in Resources */ = {isa = PBXBuildFile; fileRef = 0D2D7DA222876D2300E5E29C /* LaunchScreen.storyboard */; };
		0D33446F22897C4200727786 /* CdePointsTableController.swift in Sources */ = {isa = PBXBuildFile; fileRef = 0D33446E22897C4200727786 /* CdePointsTableController.swift */; };
		0D337AFB2288900000F61684 /* TabBarController.swift in Sources */ = {isa = PBXBuildFile; fileRef = 0D337AFA2288900000F61684 /* TabBarController.swift */; };
		0D337AFD2288A48F00F61684 /* CdeSubject.swift in Sources */ = {isa = PBXBuildFile; fileRef = 0D337AFC2288A48F00F61684 /* CdeSubject.swift */; };
		0D86F8AB2289A91100712C2B /* URL+cyrilic.swift in Sources */ = {isa = PBXBuildFile; fileRef = 0D86F8AA2289A91100712C2B /* URL+cyrilic.swift */; };
		0D86F8AD2289B07400712C2B /* Settings.bundle in Resources */ = {isa = PBXBuildFile; fileRef = 0D86F8AC2289B07400712C2B /* Settings.bundle */; };
		0D86F8AF2289B40500712C2B /* UIViewController+statusBar.swift in Sources */ = {isa = PBXBuildFile; fileRef = 0D86F8AE2289B40500712C2B /* UIViewController+statusBar.swift */; };
		0D8C5C7B2288AF87003E019C /* UIButton+LoadIndicator.swift in Sources */ = {isa = PBXBuildFile; fileRef = 0D8C5C7A2288AF87003E019C /* UIButton+LoadIndicator.swift */; };
		0D8C5C7E2288AF90003E019C /* UIViewController+Alert.swift in Sources */ = {isa = PBXBuildFile; fileRef = 0D8C5C7C2288AF90003E019C /* UIViewController+Alert.swift */; };
		0D8C5C7F2288AF90003E019C /* UIViewController+HideKeyboard.swift in Sources */ = {isa = PBXBuildFile; fileRef = 0D8C5C7D2288AF90003E019C /* UIViewController+HideKeyboard.swift */; };
		0D8C5C852288B7A4003E019C /* CdeTableViewController.swift in Sources */ = {isa = PBXBuildFile; fileRef = 0D8C5C842288B7A4003E019C /* CdeTableViewController.swift */; };
		0D8C5C872288B7EF003E019C /* CdeSubjectCell.swift in Sources */ = {isa = PBXBuildFile; fileRef = 0D8C5C862288B7EF003E019C /* CdeSubjectCell.swift */; };
		0D8C5C892288CF69003E019C /* UIViewController+LoadIndicator.swift in Sources */ = {isa = PBXBuildFile; fileRef = 0D8C5C882288CF69003E019C /* UIViewController+LoadIndicator.swift */; };
		0D8C5C8B2288D3C9003E019C /* Helper.swift in Sources */ = {isa = PBXBuildFile; fileRef = 0D8C5C8A2288D3C9003E019C /* Helper.swift */; };
		0D8EE344229DEEA8002707B7 /* NotificationCenter.framework in Frameworks */ = {isa = PBXBuildFile; fileRef = 0D8EE343229DEEA8002707B7 /* NotificationCenter.framework */; };
		0D8EE347229DEEA8002707B7 /* TodayViewController.swift in Sources */ = {isa = PBXBuildFile; fileRef = 0D8EE346229DEEA8002707B7 /* TodayViewController.swift */; };
		0D8EE34A229DEEA8002707B7 /* MainInterface.storyboard in Resources */ = {isa = PBXBuildFile; fileRef = 0D8EE348229DEEA8002707B7 /* MainInterface.storyboard */; };
		0D8EE34E229DEEA8002707B7 /* ITMO X widget.appex in Embed App Extensions */ = {isa = PBXBuildFile; fileRef = 0D8EE341229DEEA8002707B7 /* ITMO X widget.appex */; settings = {ATTRIBUTES = (RemoveHeadersOnCopy, ); }; };
		0D8EE357229DFE17002707B7 /* ApiWorker.swift in Sources */ = {isa = PBXBuildFile; fileRef = 0D8EE355229DFE17002707B7 /* ApiWorker.swift */; };
		0D8EE358229DFE17002707B7 /* Config.swift in Sources */ = {isa = PBXBuildFile; fileRef = 0D8EE356229DFE17002707B7 /* Config.swift */; };
		0D8EE35A229DFE39002707B7 /* ScheduleSubject.swift in Sources */ = {isa = PBXBuildFile; fileRef = 0D8EE359229DFE39002707B7 /* ScheduleSubject.swift */; };
		0D8EE35E229DFF38002707B7 /* UIView+anchor.swift in Sources */ = {isa = PBXBuildFile; fileRef = 0D8EE35D229DFF38002707B7 /* UIView+anchor.swift */; };
		0D8EE364229E0065002707B7 /* ScheduleCell.swift in Sources */ = {isa = PBXBuildFile; fileRef = 0D8EE363229E0065002707B7 /* ScheduleCell.swift */; };
		0D8EE366229E00FE002707B7 /* Helper.swift in Sources */ = {isa = PBXBuildFile; fileRef = 0D8EE365229E00FE002707B7 /* Helper.swift */; };
		0DCB34C9228C856800D2C5AE /* UILabel+change.swift in Sources */ = {isa = PBXBuildFile; fileRef = 0DCB34C8228C856800D2C5AE /* UILabel+change.swift */; };
		0DD1256D22881956009B858E /* ApiWorker.swift in Sources */ = {isa = PBXBuildFile; fileRef = 0DD1256C22881956009B858E /* ApiWorker.swift */; };
		0DD1256F22882C4F009B858E /* ScheduleSubject.swift in Sources */ = {isa = PBXBuildFile; fileRef = 0DD1256E22882C4F009B858E /* ScheduleSubject.swift */; };
		0DD12571228834FD009B858E /* ScheduleCell.swift in Sources */ = {isa = PBXBuildFile; fileRef = 0DD12570228834FD009B858E /* ScheduleCell.swift */; };
		0DD1257722883A4C009B858E /* UIView+anchor.swift in Sources */ = {isa = PBXBuildFile; fileRef = 0DD1257622883A4C009B858E /* UIView+anchor.swift */; };
		0DD1257922885532009B858E /* Config.swift in Sources */ = {isa = PBXBuildFile; fileRef = 0DD1257822885532009B858E /* Config.swift */; };
		0DD1257B228856CB009B858E /* NavigationController.swift in Sources */ = {isa = PBXBuildFile; fileRef = 0DD1257A228856CB009B858E /* NavigationController.swift */; };
		0DD1257D22886D1A009B858E /* LoginViewController.swift in Sources */ = {isa = PBXBuildFile; fileRef = 0DD1257C22886D1A009B858E /* LoginViewController.swift */; };
/* End PBXBuildFile section */

/* Begin PBXContainerItemProxy section */
		0D8EE34C229DEEA8002707B7 /* PBXContainerItemProxy */ = {
			isa = PBXContainerItemProxy;
			containerPortal = 0D2D7D8E22876D2200E5E29C /* Project object */;
			proxyType = 1;
			remoteGlobalIDString = 0D8EE340229DEEA8002707B7;
			remoteInfo = "ITMO X widget";
		};
/* End PBXContainerItemProxy section */

/* Begin PBXCopyFilesBuildPhase section */
		0D8EE352229DEEA8002707B7 /* Embed App Extensions */ = {
			isa = PBXCopyFilesBuildPhase;
			buildActionMask = 2147483647;
			dstPath = "";
			dstSubfolderSpec = 13;
			files = (
				0D8EE34E229DEEA8002707B7 /* ITMO X widget.appex in Embed App Extensions */,
			);
			name = "Embed App Extensions";
			runOnlyForDeploymentPostprocessing = 0;
		};
/* End PBXCopyFilesBuildPhase section */

/* Begin PBXFileReference section */
		0D2D7D9622876D2200E5E29C /* ITMO X.app */ = {isa = PBXFileReference; explicitFileType = wrapper.application; includeInIndex = 0; path = "ITMO X.app"; sourceTree = BUILT_PRODUCTS_DIR; };
		0D2D7D9922876D2200E5E29C /* AppDelegate.swift */ = {isa = PBXFileReference; lastKnownFileType = sourcecode.swift; path = AppDelegate.swift; sourceTree = "<group>"; };
		0D2D7D9B22876D2200E5E29C /* ScheduleTableViewController.swift */ = {isa = PBXFileReference; lastKnownFileType = sourcecode.swift; path = ScheduleTableViewController.swift; sourceTree = "<group>"; };
		0D2D7DA022876D2300E5E29C /* Assets.xcassets */ = {isa = PBXFileReference; lastKnownFileType = folder.assetcatalog; path = Assets.xcassets; sourceTree = "<group>"; };
		0D2D7DA322876D2300E5E29C /* Base */ = {isa = PBXFileReference; lastKnownFileType = file.storyboard; name = Base; path = Base.lproj/LaunchScreen.storyboard; sourceTree = "<group>"; };
		0D2D7DA522876D2300E5E29C /* Info.plist */ = {isa = PBXFileReference; lastKnownFileType = text.plist.xml; path = Info.plist; sourceTree = "<group>"; };
		0D33446E22897C4200727786 /* CdePointsTableController.swift */ = {isa = PBXFileReference; lastKnownFileType = sourcecode.swift; path = CdePointsTableController.swift; sourceTree = "<group>"; };
		0D337AFA2288900000F61684 /* TabBarController.swift */ = {isa = PBXFileReference; lastKnownFileType = sourcecode.swift; path = TabBarController.swift; sourceTree = "<group>"; };
		0D337AFC2288A48F00F61684 /* CdeSubject.swift */ = {isa = PBXFileReference; lastKnownFileType = sourcecode.swift; path = CdeSubject.swift; sourceTree = "<group>"; };
		0D86F8AA2289A91100712C2B /* URL+cyrilic.swift */ = {isa = PBXFileReference; lastKnownFileType = sourcecode.swift; path = "URL+cyrilic.swift"; sourceTree = "<group>"; };
		0D86F8AC2289B07400712C2B /* Settings.bundle */ = {isa = PBXFileReference; lastKnownFileType = "wrapper.plug-in"; name = Settings.bundle; path = Controllers/Settings.bundle; sourceTree = "<group>"; };
		0D86F8AE2289B40500712C2B /* UIViewController+statusBar.swift */ = {isa = PBXFileReference; lastKnownFileType = sourcecode.swift; path = "UIViewController+statusBar.swift"; sourceTree = "<group>"; };
		0D8C5C7A2288AF87003E019C /* UIButton+LoadIndicator.swift */ = {isa = PBXFileReference; fileEncoding = 4; lastKnownFileType = sourcecode.swift; path = "UIButton+LoadIndicator.swift"; sourceTree = "<group>"; };
		0D8C5C7C2288AF90003E019C /* UIViewController+Alert.swift */ = {isa = PBXFileReference; fileEncoding = 4; lastKnownFileType = sourcecode.swift; path = "UIViewController+Alert.swift"; sourceTree = "<group>"; };
		0D8C5C7D2288AF90003E019C /* UIViewController+HideKeyboard.swift */ = {isa = PBXFileReference; fileEncoding = 4; lastKnownFileType = sourcecode.swift; path = "UIViewController+HideKeyboard.swift"; sourceTree = "<group>"; };
		0D8C5C842288B7A4003E019C /* CdeTableViewController.swift */ = {isa = PBXFileReference; lastKnownFileType = sourcecode.swift; path = CdeTableViewController.swift; sourceTree = "<group>"; };
		0D8C5C862288B7EF003E019C /* CdeSubjectCell.swift */ = {isa = PBXFileReference; lastKnownFileType = sourcecode.swift; path = CdeSubjectCell.swift; sourceTree = "<group>"; };
		0D8C5C882288CF69003E019C /* UIViewController+LoadIndicator.swift */ = {isa = PBXFileReference; lastKnownFileType = sourcecode.swift; path = "UIViewController+LoadIndicator.swift"; sourceTree = "<group>"; };
		0D8C5C8A2288D3C9003E019C /* Helper.swift */ = {isa = PBXFileReference; lastKnownFileType = sourcecode.swift; path = Helper.swift; sourceTree = "<group>"; };
		0D8EE341229DEEA8002707B7 /* ITMO X widget.appex */ = {isa = PBXFileReference; explicitFileType = "wrapper.app-extension"; includeInIndex = 0; path = "ITMO X widget.appex"; sourceTree = BUILT_PRODUCTS_DIR; };
		0D8EE343229DEEA8002707B7 /* NotificationCenter.framework */ = {isa = PBXFileReference; lastKnownFileType = wrapper.framework; name = NotificationCenter.framework; path = System/Library/Frameworks/NotificationCenter.framework; sourceTree = SDKROOT; };
		0D8EE346229DEEA8002707B7 /* TodayViewController.swift */ = {isa = PBXFileReference; lastKnownFileType = sourcecode.swift; path = TodayViewController.swift; sourceTree = "<group>"; };
		0D8EE349229DEEA8002707B7 /* Base */ = {isa = PBXFileReference; lastKnownFileType = file.storyboard; name = Base; path = Base.lproj/MainInterface.storyboard; sourceTree = "<group>"; };
		0D8EE34B229DEEA8002707B7 /* Info.plist */ = {isa = PBXFileReference; lastKnownFileType = text.plist.xml; path = Info.plist; sourceTree = "<group>"; };
		0D8EE353229DF67D002707B7 /* ITMO X widget.entitlements */ = {isa = PBXFileReference; lastKnownFileType = text.plist.entitlements; path = "ITMO X widget.entitlements"; sourceTree = "<group>"; };
		0D8EE354229DFCA2002707B7 /* ITMO X.entitlements */ = {isa = PBXFileReference; lastKnownFileType = text.plist.entitlements; path = "ITMO X.entitlements"; sourceTree = "<group>"; };
		0D8EE355229DFE17002707B7 /* ApiWorker.swift */ = {isa = PBXFileReference; fileEncoding = 4; lastKnownFileType = sourcecode.swift; path = ApiWorker.swift; sourceTree = "<group>"; };
		0D8EE356229DFE17002707B7 /* Config.swift */ = {isa = PBXFileReference; fileEncoding = 4; lastKnownFileType = sourcecode.swift; path = Config.swift; sourceTree = "<group>"; };
		0D8EE359229DFE39002707B7 /* ScheduleSubject.swift */ = {isa = PBXFileReference; fileEncoding = 4; lastKnownFileType = sourcecode.swift; name = ScheduleSubject.swift; path = "ITMO X/Models/ScheduleSubject.swift"; sourceTree = SOURCE_ROOT; };
		0D8EE35D229DFF38002707B7 /* UIView+anchor.swift */ = {isa = PBXFileReference; fileEncoding = 4; lastKnownFileType = sourcecode.swift; name = "UIView+anchor.swift"; path = "ITMO X/Extensions/UIView+anchor.swift"; sourceTree = SOURCE_ROOT; };
		0D8EE363229E0065002707B7 /* ScheduleCell.swift */ = {isa = PBXFileReference; fileEncoding = 4; lastKnownFileType = sourcecode.swift; path = ScheduleCell.swift; sourceTree = "<group>"; };
		0D8EE365229E00FE002707B7 /* Helper.swift */ = {isa = PBXFileReference; fileEncoding = 4; lastKnownFileType = sourcecode.swift; path = Helper.swift; sourceTree = "<group>"; };
		0DCB34C8228C856800D2C5AE /* UILabel+change.swift */ = {isa = PBXFileReference; lastKnownFileType = sourcecode.swift; path = "UILabel+change.swift"; sourceTree = "<group>"; };
		0DD1256C22881956009B858E /* ApiWorker.swift */ = {isa = PBXFileReference; lastKnownFileType = sourcecode.swift; path = ApiWorker.swift; sourceTree = "<group>"; };
		0DD1256E22882C4F009B858E /* ScheduleSubject.swift */ = {isa = PBXFileReference; lastKnownFileType = sourcecode.swift; path = ScheduleSubject.swift; sourceTree = "<group>"; };
		0DD12570228834FD009B858E /* ScheduleCell.swift */ = {isa = PBXFileReference; lastKnownFileType = sourcecode.swift; path = ScheduleCell.swift; sourceTree = "<group>"; };
		0DD1257622883A4C009B858E /* UIView+anchor.swift */ = {isa = PBXFileReference; lastKnownFileType = sourcecode.swift; path = "UIView+anchor.swift"; sourceTree = "<group>"; };
		0DD1257822885532009B858E /* Config.swift */ = {isa = PBXFileReference; lastKnownFileType = sourcecode.swift; path = Config.swift; sourceTree = "<group>"; };
		0DD1257A228856CB009B858E /* NavigationController.swift */ = {isa = PBXFileReference; lastKnownFileType = sourcecode.swift; path = NavigationController.swift; sourceTree = "<group>"; };
		0DD1257C22886D1A009B858E /* LoginViewController.swift */ = {isa = PBXFileReference; lastKnownFileType = sourcecode.swift; path = LoginViewController.swift; sourceTree = "<group>"; };
/* End PBXFileReference section */

/* Begin PBXFrameworksBuildPhase section */
		0D2D7D9322876D2200E5E29C /* Frameworks */ = {
			isa = PBXFrameworksBuildPhase;
			buildActionMask = 2147483647;
			files = (
			);
			runOnlyForDeploymentPostprocessing = 0;
		};
		0D8EE33E229DEEA8002707B7 /* Frameworks */ = {
			isa = PBXFrameworksBuildPhase;
			buildActionMask = 2147483647;
			files = (
				0D8EE344229DEEA8002707B7 /* NotificationCenter.framework in Frameworks */,
			);
			runOnlyForDeploymentPostprocessing = 0;
		};
/* End PBXFrameworksBuildPhase section */

/* Begin PBXGroup section */
		0D2D7D8D22876D2200E5E29C = {
			isa = PBXGroup;
			children = (
				0D2D7D9822876D2200E5E29C /* ITMO X */,
				0D8EE345229DEEA8002707B7 /* ITMO X widget */,
				0D8EE342229DEEA8002707B7 /* Frameworks */,
				0D2D7D9722876D2200E5E29C /* Products */,
			);
			sourceTree = "<group>";
		};
		0D2D7D9722876D2200E5E29C /* Products */ = {
			isa = PBXGroup;
			children = (
				0D2D7D9622876D2200E5E29C /* ITMO X.app */,
				0D8EE341229DEEA8002707B7 /* ITMO X widget.appex */,
			);
			name = Products;
			sourceTree = "<group>";
		};
		0D2D7D9822876D2200E5E29C /* ITMO X */ = {
			isa = PBXGroup;
			children = (
				0D8EE354229DFCA2002707B7 /* ITMO X.entitlements */,
				0D86F8AC2289B07400712C2B /* Settings.bundle */,
				0D2D7D9922876D2200E5E29C /* AppDelegate.swift */,
				0D8C5C802288B19C003E019C /* Extensions */,
				0D8C5C822288B1DD003E019C /* Controllers */,
				0D8C5C832288B1EF003E019C /* Cells */,
				0D8C5C812288B1AD003E019C /* Models */,
				0DD1257822885532009B858E /* Config.swift */,
				0DD1256C22881956009B858E /* ApiWorker.swift */,
				0D8C5C8A2288D3C9003E019C /* Helper.swift */,
				0D2D7DA022876D2300E5E29C /* Assets.xcassets */,
				0D2D7DA222876D2300E5E29C /* LaunchScreen.storyboard */,
				0D2D7DA522876D2300E5E29C /* Info.plist */,
			);
			path = "ITMO X";
			sourceTree = "<group>";
		};
		0D8C5C802288B19C003E019C /* Extensions */ = {
			isa = PBXGroup;
			children = (
				0D8C5C7C2288AF90003E019C /* UIViewController+Alert.swift */,
				0DCB34C8228C856800D2C5AE /* UILabel+change.swift */,
				0D8C5C882288CF69003E019C /* UIViewController+LoadIndicator.swift */,
				0D8C5C7D2288AF90003E019C /* UIViewController+HideKeyboard.swift */,
				0D86F8AE2289B40500712C2B /* UIViewController+statusBar.swift */,
				0D86F8AA2289A91100712C2B /* URL+cyrilic.swift */,
				0D8C5C7A2288AF87003E019C /* UIButton+LoadIndicator.swift */,
				0DD1257622883A4C009B858E /* UIView+anchor.swift */,
			);
			path = Extensions;
			sourceTree = "<group>";
		};
		0D8C5C812288B1AD003E019C /* Models */ = {
			isa = PBXGroup;
			children = (
				0DD1256E22882C4F009B858E /* ScheduleSubject.swift */,
				0D337AFC2288A48F00F61684 /* CdeSubject.swift */,
			);
			path = Models;
			sourceTree = "<group>";
		};
		0D8C5C822288B1DD003E019C /* Controllers */ = {
			isa = PBXGroup;
			children = (
				0DD1257A228856CB009B858E /* NavigationController.swift */,
				0D337AFA2288900000F61684 /* TabBarController.swift */,
				0DD1257C22886D1A009B858E /* LoginViewController.swift */,
				0D2D7D9B22876D2200E5E29C /* ScheduleTableViewController.swift */,
				0D8C5C842288B7A4003E019C /* CdeTableViewController.swift */,
				0D33446E22897C4200727786 /* CdePointsTableController.swift */,
			);
			path = Controllers;
			sourceTree = "<group>";
		};
		0D8C5C832288B1EF003E019C /* Cells */ = {
			isa = PBXGroup;
			children = (
				0DD12570228834FD009B858E /* ScheduleCell.swift */,
				0D8C5C862288B7EF003E019C /* CdeSubjectCell.swift */,
			);
			path = Cells;
			sourceTree = "<group>";
		};
		0D8EE342229DEEA8002707B7 /* Frameworks */ = {
			isa = PBXGroup;
			children = (
				0D8EE343229DEEA8002707B7 /* NotificationCenter.framework */,
			);
			name = Frameworks;
			sourceTree = "<group>";
		};
		0D8EE345229DEEA8002707B7 /* ITMO X widget */ = {
			isa = PBXGroup;
			children = (
				0D8EE353229DF67D002707B7 /* ITMO X widget.entitlements */,
				0D8EE363229E0065002707B7 /* ScheduleCell.swift */,
				0D8EE359229DFE39002707B7 /* ScheduleSubject.swift */,
				0D8EE365229E00FE002707B7 /* Helper.swift */,
				0D8EE355229DFE17002707B7 /* ApiWorker.swift */,
				0D8EE35D229DFF38002707B7 /* UIView+anchor.swift */,
				0D8EE356229DFE17002707B7 /* Config.swift */,
				0D8EE346229DEEA8002707B7 /* TodayViewController.swift */,
				0D8EE348229DEEA8002707B7 /* MainInterface.storyboard */,
				0D8EE34B229DEEA8002707B7 /* Info.plist */,
			);
			path = "ITMO X widget";
			sourceTree = "<group>";
		};
/* End PBXGroup section */

/* Begin PBXNativeTarget section */
		0D2D7D9522876D2200E5E29C /* ITMO X */ = {
			isa = PBXNativeTarget;
			buildConfigurationList = 0D2D7DA822876D2300E5E29C /* Build configuration list for PBXNativeTarget "ITMO X" */;
			buildPhases = (
				0D2D7D9222876D2200E5E29C /* Sources */,
				0D2D7D9322876D2200E5E29C /* Frameworks */,
				0D2D7D9422876D2200E5E29C /* Resources */,
				0D8EE352229DEEA8002707B7 /* Embed App Extensions */,
			);
			buildRules = (
			);
			dependencies = (
				0D8EE34D229DEEA8002707B7 /* PBXTargetDependency */,
			);
			name = "ITMO X";
			productName = "ITMO X";
			productReference = 0D2D7D9622876D2200E5E29C /* ITMO X.app */;
			productType = "com.apple.product-type.application";
		};
		0D8EE340229DEEA8002707B7 /* ITMO X widget */ = {
			isa = PBXNativeTarget;
			buildConfigurationList = 0D8EE351229DEEA8002707B7 /* Build configuration list for PBXNativeTarget "ITMO X widget" */;
			buildPhases = (
				0D8EE33D229DEEA8002707B7 /* Sources */,
				0D8EE33E229DEEA8002707B7 /* Frameworks */,
				0D8EE33F229DEEA8002707B7 /* Resources */,
			);
			buildRules = (
			);
			dependencies = (
			);
			name = "ITMO X widget";
			productName = "ITMO X widget";
			productReference = 0D8EE341229DEEA8002707B7 /* ITMO X widget.appex */;
			productType = "com.apple.product-type.app-extension";
		};
/* End PBXNativeTarget section */

/* Begin PBXProject section */
		0D2D7D8E22876D2200E5E29C /* Project object */ = {
			isa = PBXProject;
			attributes = {
				LastSwiftUpdateCheck = 1020;
				LastUpgradeCheck = 1020;
				ORGANIZATIONNAME = "Alexey Voronov";
				TargetAttributes = {
					0D2D7D9522876D2200E5E29C = {
						CreatedOnToolsVersion = 10.2;
						SystemCapabilities = {
							com.apple.ApplicationGroups.iOS = {
								enabled = 1;
							};
						};
					};
					0D8EE340229DEEA8002707B7 = {
						CreatedOnToolsVersion = 10.2;
						SystemCapabilities = {
							com.apple.ApplicationGroups.iOS = {
								enabled = 1;
							};
						};
					};
				};
			};
			buildConfigurationList = 0D2D7D9122876D2200E5E29C /* Build configuration list for PBXProject "ITMO X" */;
			compatibilityVersion = "Xcode 9.3";
			developmentRegion = en;
			hasScannedForEncodings = 0;
			knownRegions = (
				en,
				Base,
			);
			mainGroup = 0D2D7D8D22876D2200E5E29C;
			productRefGroup = 0D2D7D9722876D2200E5E29C /* Products */;
			projectDirPath = "";
			projectRoot = "";
			targets = (
				0D2D7D9522876D2200E5E29C /* ITMO X */,
				0D8EE340229DEEA8002707B7 /* ITMO X widget */,
			);
		};
/* End PBXProject section */

/* Begin PBXResourcesBuildPhase section */
		0D2D7D9422876D2200E5E29C /* Resources */ = {
			isa = PBXResourcesBuildPhase;
			buildActionMask = 2147483647;
			files = (
				0D2D7DA422876D2300E5E29C /* LaunchScreen.storyboard in Resources */,
				0D86F8AD2289B07400712C2B /* Settings.bundle in Resources */,
				0D2D7DA122876D2300E5E29C /* Assets.xcassets in Resources */,
			);
			runOnlyForDeploymentPostprocessing = 0;
		};
		0D8EE33F229DEEA8002707B7 /* Resources */ = {
			isa = PBXResourcesBuildPhase;
			buildActionMask = 2147483647;
			files = (
				0D8EE34A229DEEA8002707B7 /* MainInterface.storyboard in Resources */,
			);
			runOnlyForDeploymentPostprocessing = 0;
		};
/* End PBXResourcesBuildPhase section */

/* Begin PBXSourcesBuildPhase section */
		0D2D7D9222876D2200E5E29C /* Sources */ = {
			isa = PBXSourcesBuildPhase;
			buildActionMask = 2147483647;
			files = (
				0DD1257D22886D1A009B858E /* LoginViewController.swift in Sources */,
				0DD1256F22882C4F009B858E /* ScheduleSubject.swift in Sources */,
				0DD1257B228856CB009B858E /* NavigationController.swift in Sources */,
				0D8C5C7F2288AF90003E019C /* UIViewController+HideKeyboard.swift in Sources */,
				0D8C5C7E2288AF90003E019C /* UIViewController+Alert.swift in Sources */,
				0D86F8AB2289A91100712C2B /* URL+cyrilic.swift in Sources */,
				0D8C5C8B2288D3C9003E019C /* Helper.swift in Sources */,
				0DD1257722883A4C009B858E /* UIView+anchor.swift in Sources */,
				0D2D7D9C22876D2200E5E29C /* ScheduleTableViewController.swift in Sources */,
				0D86F8AF2289B40500712C2B /* UIViewController+statusBar.swift in Sources */,
				0D8C5C7B2288AF87003E019C /* UIButton+LoadIndicator.swift in Sources */,
				0D33446F22897C4200727786 /* CdePointsTableController.swift in Sources */,
				0DD1257922885532009B858E /* Config.swift in Sources */,
				0DD1256D22881956009B858E /* ApiWorker.swift in Sources */,
				0DCB34C9228C856800D2C5AE /* UILabel+change.swift in Sources */,
				0D2D7D9A22876D2200E5E29C /* AppDelegate.swift in Sources */,
				0D8C5C872288B7EF003E019C /* CdeSubjectCell.swift in Sources */,
				0DD12571228834FD009B858E /* ScheduleCell.swift in Sources */,
				0D8C5C892288CF69003E019C /* UIViewController+LoadIndicator.swift in Sources */,
				0D337AFB2288900000F61684 /* TabBarController.swift in Sources */,
				0D8C5C852288B7A4003E019C /* CdeTableViewController.swift in Sources */,
				0D337AFD2288A48F00F61684 /* CdeSubject.swift in Sources */,
			);
			runOnlyForDeploymentPostprocessing = 0;
		};
		0D8EE33D229DEEA8002707B7 /* Sources */ = {
			isa = PBXSourcesBuildPhase;
			buildActionMask = 2147483647;
			files = (
				0D8EE357229DFE17002707B7 /* ApiWorker.swift in Sources */,
				0D8EE366229E00FE002707B7 /* Helper.swift in Sources */,
				0D8EE35E229DFF38002707B7 /* UIView+anchor.swift in Sources */,
				0D8EE364229E0065002707B7 /* ScheduleCell.swift in Sources */,
				0D8EE35A229DFE39002707B7 /* ScheduleSubject.swift in Sources */,
				0D8EE347229DEEA8002707B7 /* TodayViewController.swift in Sources */,
				0D8EE358229DFE17002707B7 /* Config.swift in Sources */,
			);
			runOnlyForDeploymentPostprocessing = 0;
		};
/* End PBXSourcesBuildPhase section */

/* Begin PBXTargetDependency section */
		0D8EE34D229DEEA8002707B7 /* PBXTargetDependency */ = {
			isa = PBXTargetDependency;
			target = 0D8EE340229DEEA8002707B7 /* ITMO X widget */;
			targetProxy = 0D8EE34C229DEEA8002707B7 /* PBXContainerItemProxy */;
		};
/* End PBXTargetDependency section */

/* Begin PBXVariantGroup section */
		0D2D7DA222876D2300E5E29C /* LaunchScreen.storyboard */ = {
			isa = PBXVariantGroup;
			children = (
				0D2D7DA322876D2300E5E29C /* Base */,
			);
			name = LaunchScreen.storyboard;
			sourceTree = "<group>";
		};
		0D8EE348229DEEA8002707B7 /* MainInterface.storyboard */ = {
			isa = PBXVariantGroup;
			children = (
				0D8EE349229DEEA8002707B7 /* Base */,
			);
			name = MainInterface.storyboard;
			sourceTree = "<group>";
		};
/* End PBXVariantGroup section */

/* Begin XCBuildConfiguration section */
		0D2D7DA622876D2300E5E29C /* Debug */ = {
			isa = XCBuildConfiguration;
			buildSettings = {
				ALWAYS_SEARCH_USER_PATHS = NO;
				CLANG_ANALYZER_NONNULL = YES;
				CLANG_ANALYZER_NUMBER_OBJECT_CONVERSION = YES_AGGRESSIVE;
				CLANG_CXX_LANGUAGE_STANDARD = "gnu++14";
				CLANG_CXX_LIBRARY = "libc++";
				CLANG_ENABLE_MODULES = YES;
				CLANG_ENABLE_OBJC_ARC = YES;
				CLANG_ENABLE_OBJC_WEAK = YES;
				CLANG_WARN_BLOCK_CAPTURE_AUTORELEASING = YES;
				CLANG_WARN_BOOL_CONVERSION = YES;
				CLANG_WARN_COMMA = YES;
				CLANG_WARN_CONSTANT_CONVERSION = YES;
				CLANG_WARN_DEPRECATED_OBJC_IMPLEMENTATIONS = YES;
				CLANG_WARN_DIRECT_OBJC_ISA_USAGE = YES_ERROR;
				CLANG_WARN_DOCUMENTATION_COMMENTS = YES;
				CLANG_WARN_EMPTY_BODY = YES;
				CLANG_WARN_ENUM_CONVERSION = YES;
				CLANG_WARN_INFINITE_RECURSION = YES;
				CLANG_WARN_INT_CONVERSION = YES;
				CLANG_WARN_NON_LITERAL_NULL_CONVERSION = YES;
				CLANG_WARN_OBJC_IMPLICIT_RETAIN_SELF = YES;
				CLANG_WARN_OBJC_LITERAL_CONVERSION = YES;
				CLANG_WARN_OBJC_ROOT_CLASS = YES_ERROR;
				CLANG_WARN_RANGE_LOOP_ANALYSIS = YES;
				CLANG_WARN_STRICT_PROTOTYPES = YES;
				CLANG_WARN_SUSPICIOUS_MOVE = YES;
				CLANG_WARN_UNGUARDED_AVAILABILITY = YES_AGGRESSIVE;
				CLANG_WARN_UNREACHABLE_CODE = YES;
				CLANG_WARN__DUPLICATE_METHOD_MATCH = YES;
				CODE_SIGN_IDENTITY = "iPhone Developer";
				COPY_PHASE_STRIP = NO;
				DEBUG_INFORMATION_FORMAT = dwarf;
				ENABLE_STRICT_OBJC_MSGSEND = YES;
				ENABLE_TESTABILITY = YES;
				GCC_C_LANGUAGE_STANDARD = gnu11;
				GCC_DYNAMIC_NO_PIC = NO;
				GCC_NO_COMMON_BLOCKS = YES;
				GCC_OPTIMIZATION_LEVEL = 0;
				GCC_PREPROCESSOR_DEFINITIONS = (
					"DEBUG=1",
					"$(inherited)",
				);
				GCC_WARN_64_TO_32_BIT_CONVERSION = YES;
				GCC_WARN_ABOUT_RETURN_TYPE = YES_ERROR;
				GCC_WARN_UNDECLARED_SELECTOR = YES;
				GCC_WARN_UNINITIALIZED_AUTOS = YES_AGGRESSIVE;
				GCC_WARN_UNUSED_FUNCTION = YES;
				GCC_WARN_UNUSED_VARIABLE = YES;
				IPHONEOS_DEPLOYMENT_TARGET = 11.0;
				MTL_ENABLE_DEBUG_INFO = INCLUDE_SOURCE;
				MTL_FAST_MATH = YES;
				ONLY_ACTIVE_ARCH = YES;
				SDKROOT = iphoneos;
				SWIFT_ACTIVE_COMPILATION_CONDITIONS = DEBUG;
				SWIFT_OPTIMIZATION_LEVEL = "-Onone";
			};
			name = Debug;
		};
		0D2D7DA722876D2300E5E29C /* Release */ = {
			isa = XCBuildConfiguration;
			buildSettings = {
				ALWAYS_SEARCH_USER_PATHS = NO;
				CLANG_ANALYZER_NONNULL = YES;
				CLANG_ANALYZER_NUMBER_OBJECT_CONVERSION = YES_AGGRESSIVE;
				CLANG_CXX_LANGUAGE_STANDARD = "gnu++14";
				CLANG_CXX_LIBRARY = "libc++";
				CLANG_ENABLE_MODULES = YES;
				CLANG_ENABLE_OBJC_ARC = YES;
				CLANG_ENABLE_OBJC_WEAK = YES;
				CLANG_WARN_BLOCK_CAPTURE_AUTORELEASING = YES;
				CLANG_WARN_BOOL_CONVERSION = YES;
				CLANG_WARN_COMMA = YES;
				CLANG_WARN_CONSTANT_CONVERSION = YES;
				CLANG_WARN_DEPRECATED_OBJC_IMPLEMENTATIONS = YES;
				CLANG_WARN_DIRECT_OBJC_ISA_USAGE = YES_ERROR;
				CLANG_WARN_DOCUMENTATION_COMMENTS = YES;
				CLANG_WARN_EMPTY_BODY = YES;
				CLANG_WARN_ENUM_CONVERSION = YES;
				CLANG_WARN_INFINITE_RECURSION = YES;
				CLANG_WARN_INT_CONVERSION = YES;
				CLANG_WARN_NON_LITERAL_NULL_CONVERSION = YES;
				CLANG_WARN_OBJC_IMPLICIT_RETAIN_SELF = YES;
				CLANG_WARN_OBJC_LITERAL_CONVERSION = YES;
				CLANG_WARN_OBJC_ROOT_CLASS = YES_ERROR;
				CLANG_WARN_RANGE_LOOP_ANALYSIS = YES;
				CLANG_WARN_STRICT_PROTOTYPES = YES;
				CLANG_WARN_SUSPICIOUS_MOVE = YES;
				CLANG_WARN_UNGUARDED_AVAILABILITY = YES_AGGRESSIVE;
				CLANG_WARN_UNREACHABLE_CODE = YES;
				CLANG_WARN__DUPLICATE_METHOD_MATCH = YES;
				CODE_SIGN_IDENTITY = "iPhone Developer";
				COPY_PHASE_STRIP = NO;
				DEBUG_INFORMATION_FORMAT = "dwarf-with-dsym";
				ENABLE_NS_ASSERTIONS = NO;
				ENABLE_STRICT_OBJC_MSGSEND = YES;
				GCC_C_LANGUAGE_STANDARD = gnu11;
				GCC_NO_COMMON_BLOCKS = YES;
				GCC_WARN_64_TO_32_BIT_CONVERSION = YES;
				GCC_WARN_ABOUT_RETURN_TYPE = YES_ERROR;
				GCC_WARN_UNDECLARED_SELECTOR = YES;
				GCC_WARN_UNINITIALIZED_AUTOS = YES_AGGRESSIVE;
				GCC_WARN_UNUSED_FUNCTION = YES;
				GCC_WARN_UNUSED_VARIABLE = YES;
				IPHONEOS_DEPLOYMENT_TARGET = 11.0;
				MTL_ENABLE_DEBUG_INFO = NO;
				MTL_FAST_MATH = YES;
				SDKROOT = iphoneos;
				SWIFT_COMPILATION_MODE = wholemodule;
				SWIFT_OPTIMIZATION_LEVEL = "-O";
				VALIDATE_PRODUCT = YES;
			};
			name = Release;
		};
		0D2D7DA922876D2300E5E29C /* Debug */ = {
			isa = XCBuildConfiguration;
			buildSettings = {
				ALWAYS_EMBED_SWIFT_STANDARD_LIBRARIES = YES;
				ASSETCATALOG_COMPILER_APPICON_NAME = AppIcon;
				CODE_SIGN_ENTITLEMENTS = "ITMO X/ITMO X.entitlements";
				CODE_SIGN_STYLE = Automatic;
				DEVELOPMENT_TEAM = M3WBMTG67K;
				INFOPLIST_FILE = "ITMO X/Info.plist";
				IPHONEOS_DEPLOYMENT_TARGET = 11.0;
				LD_RUNPATH_SEARCH_PATHS = (
					"$(inherited)",
					"@executable_path/Frameworks",
				);
				PRODUCT_BUNDLE_IDENTIFIER = "com.voronov.ITMO-X";
				PRODUCT_NAME = "$(TARGET_NAME)";
				SWIFT_VERSION = 5.0;
				TARGETED_DEVICE_FAMILY = 1;
			};
			name = Debug;
		};
		0D2D7DAA22876D2300E5E29C /* Release */ = {
			isa = XCBuildConfiguration;
			buildSettings = {
				ALWAYS_EMBED_SWIFT_STANDARD_LIBRARIES = YES;
				ASSETCATALOG_COMPILER_APPICON_NAME = AppIcon;
				CODE_SIGN_ENTITLEMENTS = "ITMO X/ITMO X.entitlements";
				CODE_SIGN_STYLE = Automatic;
				DEVELOPMENT_TEAM = M3WBMTG67K;
				INFOPLIST_FILE = "ITMO X/Info.plist";
				IPHONEOS_DEPLOYMENT_TARGET = 11.0;
				LD_RUNPATH_SEARCH_PATHS = (
					"$(inherited)",
					"@executable_path/Frameworks",
				);
				PRODUCT_BUNDLE_IDENTIFIER = "com.voronov.ITMO-X";
				PRODUCT_NAME = "$(TARGET_NAME)";
				SWIFT_VERSION = 5.0;
				TARGETED_DEVICE_FAMILY = 1;
			};
			name = Release;
		};
		0D8EE34F229DEEA8002707B7 /* Debug */ = {
			isa = XCBuildConfiguration;
			buildSettings = {
				CODE_SIGN_ENTITLEMENTS = "ITMO X widget/ITMO X widget.entitlements";
				CODE_SIGN_STYLE = Automatic;
				DEVELOPMENT_TEAM = M3WBMTG67K;
				INFOPLIST_FILE = "ITMO X widget/Info.plist";
				IPHONEOS_DEPLOYMENT_TARGET = 11.0;
				LD_RUNPATH_SEARCH_PATHS = (
					"$(inherited)",
					"@executable_path/Frameworks",
					"@executable_path/../../Frameworks",
				);
				PRODUCT_BUNDLE_IDENTIFIER = "com.voronov.ITMO-X.ITMO-X-widget";
				PRODUCT_NAME = "$(TARGET_NAME)";
				SKIP_INSTALL = YES;
				SWIFT_VERSION = 5.0;
				TARGETED_DEVICE_FAMILY = 1;
			};
			name = Debug;
		};
		0D8EE350229DEEA8002707B7 /* Release */ = {
			isa = XCBuildConfiguration;
			buildSettings = {
				CODE_SIGN_ENTITLEMENTS = "ITMO X widget/ITMO X widget.entitlements";
				CODE_SIGN_STYLE = Automatic;
				DEVELOPMENT_TEAM = M3WBMTG67K;
				INFOPLIST_FILE = "ITMO X widget/Info.plist";
				IPHONEOS_DEPLOYMENT_TARGET = 11.0;
				LD_RUNPATH_SEARCH_PATHS = (
					"$(inherited)",
					"@executable_path/Frameworks",
					"@executable_path/../../Frameworks",
				);
				PRODUCT_BUNDLE_IDENTIFIER = "com.voronov.ITMO-X.ITMO-X-widget";
				PRODUCT_NAME = "$(TARGET_NAME)";
				SKIP_INSTALL = YES;
				SWIFT_VERSION = 5.0;
				TARGETED_DEVICE_FAMILY = 1;
			};
			name = Release;
		};
/* End XCBuildConfiguration section */

/* Begin XCConfigurationList section */
		0D2D7D9122876D2200E5E29C /* Build configuration list for PBXProject "ITMO X" */ = {
			isa = XCConfigurationList;
			buildConfigurations = (
				0D2D7DA622876D2300E5E29C /* Debug */,
				0D2D7DA722876D2300E5E29C /* Release */,
			);
			defaultConfigurationIsVisible = 0;
			defaultConfigurationName = Release;
		};
		0D2D7DA822876D2300E5E29C /* Build configuration list for PBXNativeTarget "ITMO X" */ = {
			isa = XCConfigurationList;
			buildConfigurations = (
				0D2D7DA922876D2300E5E29C /* Debug */,
				0D2D7DAA22876D2300E5E29C /* Release */,
			);
			defaultConfigurationIsVisible = 0;
			defaultConfigurationName = Release;
		};
		0D8EE351229DEEA8002707B7 /* Build configuration list for PBXNativeTarget "ITMO X widget" */ = {
			isa = XCConfigurationList;
			buildConfigurations = (
				0D8EE34F229DEEA8002707B7 /* Debug */,
				0D8EE350229DEEA8002707B7 /* Release */,
			);
			defaultConfigurationIsVisible = 0;
			defaultConfigurationName = Release;
		};
/* End XCConfigurationList section */
	};
	rootObject = 0D2D7D8E22876D2200E5E29C /* Project object */;
}
